// !$*UTF8*$!
{
	archiveVersion = 1;
	classes = {
	};
	objectVersion = 46;
	objects = {

/* Begin PBXBuildFile section */
		E100EB2E1AED2D270046D1C0 /* AppDelegate.swift in Sources */ = {isa = PBXBuildFile; fileRef = E100EB2D1AED2D270046D1C0 /* AppDelegate.swift */; };
		E100EB301AED2D270046D1C0 /* ViewController.swift in Sources */ = {isa = PBXBuildFile; fileRef = E100EB2F1AED2D270046D1C0 /* ViewController.swift */; };
		E100EB331AED2D270046D1C0 /* Main.storyboard in Resources */ = {isa = PBXBuildFile; fileRef = E100EB311AED2D270046D1C0 /* Main.storyboard */; };
		E100EB351AED2D270046D1C0 /* Images.xcassets in Resources */ = {isa = PBXBuildFile; fileRef = E100EB341AED2D270046D1C0 /* Images.xcassets */; };
		E100EB381AED2D270046D1C0 /* LaunchScreen.xib in Resources */ = {isa = PBXBuildFile; fileRef = E100EB361AED2D270046D1C0 /* LaunchScreen.xib */; };
		E100EB441AED2D270046D1C0 /* BullsEyeTests.swift in Sources */ = {isa = PBXBuildFile; fileRef = E100EB431AED2D270046D1C0 /* BullsEyeTests.swift */; };
/* End PBXBuildFile section */

/* Begin PBXContainerItemProxy section */
		E100EB3E1AED2D270046D1C0 /* PBXContainerItemProxy */ = {
			isa = PBXContainerItemProxy;
			containerPortal = E100EB201AED2D270046D1C0 /* Project object */;
			proxyType = 1;
			remoteGlobalIDString = E100EB271AED2D270046D1C0;
			remoteInfo = BullsEye;
		};
/* End PBXContainerItemProxy section */

/* Begin PBXFileReference section */
		E100EB281AED2D270046D1C0 /* BullsEye.app */ = {isa = PBXFileReference; explicitFileType = wrapper.application; includeInIndex = 0; path = BullsEye.app; sourceTree = BUILT_PRODUCTS_DIR; };
		E100EB2C1AED2D270046D1C0 /* Info.plist */ = {isa = PBXFileReference; lastKnownFileType = text.plist.xml; path = Info.plist; sourceTree = "<group>"; };
		E100EB2D1AED2D270046D1C0 /* AppDelegate.swift */ = {isa = PBXFileReference; lastKnownFileType = sourcecode.swift; path = AppDelegate.swift; sourceTree = "<group>"; };
		E100EB2F1AED2D270046D1C0 /* ViewController.swift */ = {isa = PBXFileReference; lastKnownFileType = sourcecode.swift; path = ViewController.swift; sourceTree = "<group>"; };
		E100EB321AED2D270046D1C0 /* Base */ = {isa = PBXFileReference; lastKnownFileType = file.storyboard; name = Base; path = Base.lproj/Main.storyboard; sourceTree = "<group>"; };
		E100EB341AED2D270046D1C0 /* Images.xcassets */ = {isa = PBXFileReference; lastKnownFileType = folder.assetcatalog; path = Images.xcassets; sourceTree = "<group>"; };
		E100EB371AED2D270046D1C0 /* Base */ = {isa = PBXFileReference; lastKnownFileType = file.xib; name = Base; path = Base.lproj/LaunchScreen.xib; sourceTree = "<group>"; };
		E100EB3D1AED2D270046D1C0 /* BullsEyeTests.xctest */ = {isa = PBXFileReference; explicitFileType = wrapper.cfbundle; includeInIndex = 0; path = BullsEyeTests.xctest; sourceTree = BUILT_PRODUCTS_DIR; };
		E100EB421AED2D270046D1C0 /* Info.plist */ = {isa = PBXFileReference; lastKnownFileType = text.plist.xml; path = Info.plist; sourceTree = "<group>"; };
		E100EB431AED2D270046D1C0 /* BullsEyeTests.swift */ = {isa = PBXFileReference; lastKnownFileType = sourcecode.swift; path = BullsEyeTests.swift; sourceTree = "<group>"; };
/* End PBXFileReference section */

/* Begin PBXFrameworksBuildPhase section */
		E100EB251AED2D270046D1C0 /* Frameworks */ = {
			isa = PBXFrameworksBuildPhase;
			buildActionMask = 2147483647;
			files = (
			);
			runOnlyForDeploymentPostprocessing = 0;
		};
		E100EB3A1AED2D270046D1C0 /* Frameworks */ = {
			isa = PBXFrameworksBuildPhase;
			buildActionMask = 2147483647;
			files = (
			);
			runOnlyForDeploymentPostprocessing = 0;
		};
/* End PBXFrameworksBuildPhase section */

/* Begin PBXGroup section */
		E100EB1F1AED2D270046D1C0 = {
			isa = PBXGroup;
			children = (
				E100EB2A1AED2D270046D1C0 /* BullsEye */,
				E100EB401AED2D270046D1C0 /* BullsEyeTests */,
				E100EB291AED2D270046D1C0 /* Products */,
			);
			sourceTree = "<group>";
		};
		E100EB291AED2D270046D1C0 /* Products */ = {
			isa = PBXGroup;
			children = (
				E100EB281AED2D270046D1C0 /* BullsEye.app */,
				E100EB3D1AED2D270046D1C0 /* BullsEyeTests.xctest */,
			);
			name = Products;
			sourceTree = "<group>";
		};
		E100EB2A1AED2D270046D1C0 /* BullsEye */ = {
			isa = PBXGroup;
			children = (
				E100EB2D1AED2D270046D1C0 /* AppDelegate.swift */,
				E100EB2F1AED2D270046D1C0 /* ViewController.swift */,
				E100EB311AED2D270046D1C0 /* Main.storyboard */,
				E100EB341AED2D270046D1C0 /* Images.xcassets */,
				E100EB361AED2D270046D1C0 /* LaunchScreen.xib */,
				E100EB2B1AED2D270046D1C0 /* Supporting Files */,
			);
			path = BullsEye;
			sourceTree = "<group>";
		};
		E100EB2B1AED2D270046D1C0 /* Supporting Files */ = {
			isa = PBXGroup;
			children = (
				E100EB2C1AED2D270046D1C0 /* Info.plist */,
			);
			name = "Supporting Files";
			sourceTree = "<group>";
		};
		E100EB401AED2D270046D1C0 /* BullsEyeTests */ = {
			isa = PBXGroup;
			children = (
				E100EB431AED2D270046D1C0 /* BullsEyeTests.swift */,
				E100EB411AED2D270046D1C0 /* Supporting Files */,
			);
			path = BullsEyeTests;
			sourceTree = "<group>";
		};
		E100EB411AED2D270046D1C0 /* Supporting Files */ = {
			isa = PBXGroup;
			children = (
				E100EB421AED2D270046D1C0 /* Info.plist */,
			);
			name = "Supporting Files";
			sourceTree = "<group>";
		};
/* End PBXGroup section */

/* Begin PBXNativeTarget section */
		E100EB271AED2D270046D1C0 /* BullsEye */ = {
			isa = PBXNativeTarget;
			buildConfigurationList = E100EB471AED2D270046D1C0 /* Build configuration list for PBXNativeTarget "BullsEye" */;
			buildPhases = (
				E100EB241AED2D270046D1C0 /* Sources */,
				E100EB251AED2D270046D1C0 /* Frameworks */,
				E100EB261AED2D270046D1C0 /* Resources */,
			);
			buildRules = (
			);
			dependencies = (
			);
			name = BullsEye;
			productName = BullsEye;
			productReference = E100EB281AED2D270046D1C0 /* BullsEye.app */;
			productType = "com.apple.product-type.application";
		};
		E100EB3C1AED2D270046D1C0 /* BullsEyeTests */ = {
			isa = PBXNativeTarget;
			buildConfigurationList = E100EB4A1AED2D270046D1C0 /* Build configuration list for PBXNativeTarget "BullsEyeTests" */;
			buildPhases = (
				E100EB391AED2D270046D1C0 /* Sources */,
				E100EB3A1AED2D270046D1C0 /* Frameworks */,
				E100EB3B1AED2D270046D1C0 /* Resources */,
			);
			buildRules = (
			);
			dependencies = (
				E100EB3F1AED2D270046D1C0 /* PBXTargetDependency */,
			);
			name = BullsEyeTests;
			productName = BullsEyeTests;
			productReference = E100EB3D1AED2D270046D1C0 /* BullsEyeTests.xctest */;
			productType = "com.apple.product-type.bundle.unit-test";
		};
/* End PBXNativeTarget section */

/* Begin PBXProject section */
		E100EB201AED2D270046D1C0 /* Project object */ = {
			isa = PBXProject;
			attributes = {
				LastUpgradeCheck = 0620;
				ORGANIZATIONNAME = zhaoxuyi;
				TargetAttributes = {
					E100EB271AED2D270046D1C0 = {
						CreatedOnToolsVersion = 6.2;
					};
					E100EB3C1AED2D270046D1C0 = {
						CreatedOnToolsVersion = 6.2;
						TestTargetID = E100EB271AED2D270046D1C0;
					};
				};
			};
			buildConfigurationList = E100EB231AED2D270046D1C0 /* Build configuration list for PBXProject "BullsEye" */;
			compatibilityVersion = "Xcode 3.2";
			developmentRegion = English;
			hasScannedForEncodings = 0;
			knownRegions = (
				en,
				Base,
			);
			mainGroup = E100EB1F1AED2D270046D1C0;
			productRefGroup = E100EB291AED2D270046D1C0 /* Products */;
			projectDirPath = "";
			projectRoot = "";
			targets = (
				E100EB271AED2D270046D1C0 /* BullsEye */,
				E100EB3C1AED2D270046D1C0 /* BullsEyeTests */,
			);
		};
/* End PBXProject section */

/* Begin PBXResourcesBuildPhase section */
		E100EB261AED2D270046D1C0 /* Resources */ = {
			isa = PBXResourcesBuildPhase;
			buildActionMask = 2147483647;
			files = (
				E100EB331AED2D270046D1C0 /* Main.storyboard in Resources */,
				E100EB381AED2D270046D1C0 /* LaunchScreen.xib in Resources */,
				E100EB351AED2D270046D1C0 /* Images.xcassets in Resources */,
			);
			runOnlyForDeploymentPostprocessing = 0;
		};
		E100EB3B1AED2D270046D1C0 /* Resources */ = {
			isa = PBXResourcesBuildPhase;
			buildActionMask = 2147483647;
			files = (
			);
			runOnlyForDeploymentPostprocessing = 0;
		};
/* End PBXResourcesBuildPhase section */

/* Begin PBXSourcesBuildPhase section */
		E100EB241AED2D270046D1C0 /* Sources */ = {
			isa = PBXSourcesBuildPhase;
			buildActionMask = 2147483647;
			files = (
				E100EB301AED2D270046D1C0 /* ViewController.swift in Sources */,
				E100EB2E1AED2D270046D1C0 /* AppDelegate.swift in Sources */,
			);
			runOnlyForDeploymentPostprocessing = 0;
		};
		E100EB391AED2D270046D1C0 /* Sources */ = {
			isa = PBXSourcesBuildPhase;
			buildActionMask = 2147483647;
			files = (
				E100EB441AED2D270046D1C0 /* BullsEyeTests.swift in Sources */,
			);
			runOnlyForDeploymentPostprocessing = 0;
		};
/* End PBXSourcesBuildPhase section */

/* Begin PBXTargetDependency section */
		E100EB3F1AED2D270046D1C0 /* PBXTargetDependency */ = {
			isa = PBXTargetDependency;
			target = E100EB271AED2D270046D1C0 /* BullsEye */;
			targetProxy = E100EB3E1AED2D270046D1C0 /* PBXContainerItemProxy */;
		};
/* End PBXTargetDependency section */

/* Begin PBXVariantGroup section */
		E100EB311AED2D270046D1C0 /* Main.storyboard */ = {
			isa = PBXVariantGroup;
			children = (
				E100EB321AED2D270046D1C0 /* Base */,
			);
			name = Main.storyboard;
			sourceTree = "<group>";
		};
		E100EB361AED2D270046D1C0 /* LaunchScreen.xib */ = {
			isa = PBXVariantGroup;
			children = (
				E100EB371AED2D270046D1C0 /* Base */,
			);
			name = LaunchScreen.xib;
			sourceTree = "<group>";
		};
/* End PBXVariantGroup section */

/* Begin XCBuildConfiguration section */
		E100EB451AED2D270046D1C0 /* Debug */ = {
			isa = XCBuildConfiguration;
			buildSettings = {
				ALWAYS_SEARCH_USER_PATHS = NO;
				CLANG_CXX_LANGUAGE_STANDARD = "gnu++0x";
				CLANG_CXX_LIBRARY = "libc++";
				CLANG_ENABLE_MODULES = YES;
				CLANG_ENABLE_OBJC_ARC = YES;
				CLANG_WARN_BOOL_CONVERSION = YES;
				CLANG_WARN_CONSTANT_CONVERSION = YES;
				CLANG_WARN_DIRECT_OBJC_ISA_USAGE = YES_ERROR;
				CLANG_WARN_EMPTY_BODY = YES;
				CLANG_WARN_ENUM_CONVERSION = YES;
				CLANG_WARN_INT_CONVERSION = YES;
				CLANG_WARN_OBJC_ROOT_CLASS = YES_ERROR;
				CLANG_WARN_UNREACHABLE_CODE = YES;
				CLANG_WARN__DUPLICATE_METHOD_MATCH = YES;
				"CODE_SIGN_IDENTITY[sdk=iphoneos*]" = "iPhone Developer";
				COPY_PHASE_STRIP = NO;
				ENABLE_STRICT_OBJC_MSGSEND = YES;
				GCC_C_LANGUAGE_STANDARD = gnu99;
				GCC_DYNAMIC_NO_PIC = NO;
				GCC_OPTIMIZATION_LEVEL = 0;
				GCC_PREPROCESSOR_DEFINITIONS = (
					"DEBUG=1",
					"$(inherited)",
				);
				GCC_SYMBOLS_PRIVATE_EXTERN = NO;
				GCC_WARN_64_TO_32_BIT_CONVERSION = YES;
				GCC_WARN_ABOUT_RETURN_TYPE = YES_ERROR;
				GCC_WARN_UNDECLARED_SELECTOR = YES;
				GCC_WARN_UNINITIALIZED_AUTOS = YES_AGGRESSIVE;
				GCC_WARN_UNUSED_FUNCTION = YES;
				GCC_WARN_UNUSED_VARIABLE = YES;
				IPHONEOS_DEPLOYMENT_TARGET = 8.2;
				MTL_ENABLE_DEBUG_INFO = YES;
				ONLY_ACTIVE_ARCH = YES;
				SDKROOT = iphoneos;
				SWIFT_OPTIMIZATION_LEVEL = "-Onone";
			};
			name = Debug;
		};
		E100EB461AED2D270046D1C0 /* Release */ = {
			isa = XCBuildConfiguration;
			buildSettings = {
				ALWAYS_SEARCH_USER_PATHS = NO;
				CLANG_CXX_LANGUAGE_STANDARD = "gnu++0x";
				CLANG_CXX_LIBRARY = "libc++";
				CLANG_ENABLE_MODULES = YES;
				CLANG_ENABLE_OBJC_ARC = YES;
				CLANG_WARN_BOOL_CONVERSION = YES;
				CLANG_WARN_CONSTANT_CONVERSION = YES;
				CLANG_WARN_DIRECT_OBJC_ISA_USAGE = YES_ERROR;
				CLANG_WARN_EMPTY_BODY = YES;
				CLANG_WARN_ENUM_CONVERSION = YES;
				CLANG_WARN_INT_CONVERSION = YES;
				CLANG_WARN_OBJC_ROOT_CLASS = YES_ERROR;
				CLANG_WARN_UNREACHABLE_CODE = YES;
				CLANG_WARN__DUPLICATE_METHOD_MATCH = YES;
				"CODE_SIGN_IDENTITY[sdk=iphoneos*]" = "iPhone Developer";
				COPY_PHASE_STRIP = NO;
				ENABLE_NS_ASSERTIONS = NO;
				ENABLE_STRICT_OBJC_MSGSEND = YES;
				GCC_C_LANGUAGE_STANDARD = gnu99;
				GCC_WARN_64_TO_32_BIT_CONVERSION = YES;
				GCC_WARN_ABOUT_RETURN_TYPE = YES_ERROR;
				GCC_WARN_UNDECLARED_SELECTOR = YES;
				GCC_WARN_UNINITIALIZED_AUTOS = YES_AGGRESSIVE;
				GCC_WARN_UNUSED_FUNCTION = YES;
				GCC_WARN_UNUSED_VARIABLE = YES;
				IPHONEOS_DEPLOYMENT_TARGET = 8.2;
				MTL_ENABLE_DEBUG_INFO = NO;
				SDKROOT = iphoneos;
				VALIDATE_PRODUCT = YES;
			};
			name = Release;
		};
		E100EB481AED2D270046D1C0 /* Debug */ = {
			isa = XCBuildConfiguration;
			buildSettings = {
				ASSETCATALOG_COMPILER_APPICON_NAME = AppIcon;
				INFOPLIST_FILE = BullsEye/Info.plist;
				LD_RUNPATH_SEARCH_PATHS = "$(inherited) @executable_path/Frameworks";
				PRODUCT_NAME = "$(TARGET_NAME)";
			};
			name = Debug;
		};
		E100EB491AED2D270046D1C0 /* Release */ = {
			isa = XCBuildConfiguration;
			buildSettings = {
				ASSETCATALOG_COMPILER_APPICON_NAME = AppIcon;
				INFOPLIST_FILE = BullsEye/Info.plist;
				LD_RUNPATH_SEARCH_PATHS = "$(inherited) @executable_path/Frameworks";
				PRODUCT_NAME = "$(TARGET_NAME)";
			};
			name = Release;
		};
		E100EB4B1AED2D270046D1C0 /* Debug */ = {
			isa = XCBuildConfiguration;
			buildSettings = {
				BUNDLE_LOADER = "$(TEST_HOST)";
				FRAMEWORK_SEARCH_PATHS = (
					"$(SDKROOT)/Developer/Library/Frameworks",
					"$(inherited)",
				);
				GCC_PREPROCESSOR_DEFINITIONS = (
					"DEBUG=1",
					"$(inherited)",
				);
				INFOPLIST_FILE = BullsEyeTests/Info.plist;
				LD_RUNPATH_SEARCH_PATHS = "$(inherited) @executable_path/Frameworks @loader_path/Frameworks";
				PRODUCT_NAME = "$(TARGET_NAME)";
				TEST_HOST = "$(BUILT_PRODUCTS_DIR)/BullsEye.app/BullsEye";
			};
			name = Debug;
		};
		E100EB4C1AED2D270046D1C0 /* Release */ = {
			isa = XCBuildConfiguration;
			buildSettings = {
				BUNDLE_LOADER = "$(TEST_HOST)";
				FRAMEWORK_SEARCH_PATHS = (
					"$(SDKROOT)/Developer/Library/Frameworks",
					"$(inherited)",
				);
				INFOPLIST_FILE = BullsEyeTests/Info.plist;
				LD_RUNPATH_SEARCH_PATHS = "$(inherited) @executable_path/Frameworks @loader_path/Frameworks";
				PRODUCT_NAME = "$(TARGET_NAME)";
				TEST_HOST = "$(BUILT_PRODUCTS_DIR)/BullsEye.app/BullsEye";
			};
			name = Release;
		};
/* End XCBuildConfiguration section */

/* Begin XCConfigurationList section */
		E100EB231AED2D270046D1C0 /* Build configuration list for PBXProject "BullsEye" */ = {
			isa = XCConfigurationList;
			buildConfigurations = (
				E100EB451AED2D270046D1C0 /* Debug */,
				E100EB461AED2D270046D1C0 /* Release */,
			);
			defaultConfigurationIsVisible = 0;
			defaultConfigurationName = Release;
		};
		E100EB471AED2D270046D1C0 /* Build configuration list for PBXNativeTarget "BullsEye" */ = {
			isa = XCConfigurationList;
			buildConfigurations = (
				E100EB481AED2D270046D1C0 /* Debug */,
				E100EB491AED2D270046D1C0 /* Release */,
			);
			defaultConfigurationIsVisible = 0;
		};
		E100EB4A1AED2D270046D1C0 /* Build configuration list for PBXNativeTarget "BullsEyeTests" */ = {
			isa = XCConfigurationList;
			buildConfigurations = (
				E100EB4B1AED2D270046D1C0 /* Debug */,
				E100EB4C1AED2D270046D1C0 /* Release */,
			);
			defaultConfigurationIsVisible = 0;
		};
/* End XCConfigurationList section */
	};
	rootObject = E100EB201AED2D270046D1C0 /* Project object */;
}
